
Microsoft Visual Studio Solution File, Format Version 12.00
# Visual Studio 15
VisualStudioVersion = 15.0.27703.2026
MinimumVisualStudioVersion = 10.0.40219.1
Project("{FAE04EC0-301F-11D3-BF4B-00C04F79EFBC}") = "SimpleCommunicator", "SimpleCommunicator\SimpleCommunicator.csproj", "{58361904-CEFD-4109-A731-0A44FEFA5967}"
EndProject
Global
	GlobalSection(SolutionConfigurationPlatforms) = preSolution
		Debug|Any CPU = Debug|Any CPU
		Release|Any CPU = Release|Any CPU
	EndGlobalSection
	GlobalSection(ProjectConfigurationPlatforms) = postSolution
		{58361904-CEFD-4109-A731-0A44FEFA5967}.Debug|Any CPU.ActiveCfg = Debug|Any CPU
		{58361904-CEFD-4109-A731-0A44FEFA5967}.Debug|Any CPU.Build.0 = Debug|Any CPU
		{58361904-CEFD-4109-A731-0A44FEFA5967}.Release|Any CPU.ActiveCfg = Release|Any CPU
		{58361904-CEFD-4109-A731-0A44FEFA5967}.Release|Any CPU.Build.0 = Release|Any CPU
	EndGlobalSection
	GlobalSection(SolutionProperties) = preSolution
		HideSolutionNode = FALSE
	EndGlobalSection
	GlobalSection(ExtensibilityGlobals) = postSolution
		SolutionGuid = {25A454E1-58CD-44D6-8758-31AA774FA337}
	EndGlobalSection
EndGlobal
